
Microsoft Visual Studio Solution File, Format Version 12.00
# Visual Studio 15
VisualStudioVersion = 15.0.28307.1062
MinimumVisualStudioVersion = 10.0.40219.1
Project("{FAE04EC0-301F-11D3-BF4B-00C04F79EFBC}") = "Auto Restart Process", "Auto Restart Process\Auto Restart Process.csproj", "{3FF256CA-B31E-4249-986D-7EC42CE794CF}"
EndProject
Global
	GlobalSection(SolutionConfigurationPlatforms) = preSolution
		Debug|Any CPU = Debug|Any CPU
		Release|Any CPU = Release|Any CPU
	EndGlobalSection
	GlobalSection(ProjectConfigurationPlatforms) = postSolution
		{3FF256CA-B31E-4249-986D-7EC42CE794CF}.Debug|Any CPU.ActiveCfg = Debug|Any CPU
		{3FF256CA-B31E-4249-986D-7EC42CE794CF}.Debug|Any CPU.Build.0 = Debug|Any CPU
		{3FF256CA-B31E-4249-986D-7EC42CE794CF}.Release|Any CPU.ActiveCfg = Release|Any CPU
		{3FF256CA-B31E-4249-986D-7EC42CE794CF}.Release|Any CPU.Build.0 = Release|Any CPU
	EndGlobalSection
	GlobalSection(SolutionProperties) = preSolution
		HideSolutionNode = FALSE
	EndGlobalSection
	GlobalSection(ExtensibilityGlobals) = postSolution
		SolutionGuid = {41CF7915-5F36-4DCF-B93C-DE6B4C88A0D0}
	EndGlobalSection
EndGlobal
